
Microsoft Visual Studio Solution File, Format Version 12.00
# Visual Studio Version 17
VisualStudioVersion = 17.8.34330.188
MinimumVisualStudioVersion = 10.0.40219.1
Project("{FAE04EC0-301F-11D3-BF4B-00C04F79EFBC}") = "AOTConsoleApp", "AOTConsoleApp.csproj", "{81D905F8-6DBD-4865-9982-74BBF386C756}"
EndProject
Global
	GlobalSection(SolutionConfigurationPlatforms) = preSolution
		Debug|Any CPU = Debug|Any CPU
		Release|Any CPU = Release|Any CPU
	EndGlobalSection
	GlobalSection(ProjectConfigurationPlatforms) = postSolution
		{81D905F8-6DBD-4865-9982-74BBF386C756}.Debug|Any CPU.ActiveCfg = Debug|Any CPU
		{81D905F8-6DBD-4865-9982-74BBF386C756}.Debug|Any CPU.Build.0 = Debug|Any CPU
		{81D905F8-6DBD-4865-9982-74BBF386C756}.Release|Any CPU.ActiveCfg = Release|Any CPU
		{81D905F8-6DBD-4865-9982-74BBF386C756}.Release|Any CPU.Build.0 = Release|Any CPU
	EndGlobalSection
	GlobalSection(SolutionProperties) = preSolution
		HideSolutionNode = FALSE
	EndGlobalSection
	GlobalSection(ExtensibilityGlobals) = postSolution
		SolutionGuid = {EA8F1908-E3C1-47AD-A3BE-C93E8F4C9AD4}
	EndGlobalSection
EndGlobal
